
Microsoft Visual Studio Solution File, Format Version 12.00
# Visual Studio Version 17
VisualStudioVersion = 17.1.32328.378
MinimumVisualStudioVersion = 10.0.40219.1
Project("{9A19103F-16F7-4668-BE54-9A1E7A4F7556}") = "Api", "Helpryx\Api.csproj", "{435F6391-87AE-42EE-96B2-458A2163380B}"
EndProject
Global
	GlobalSection(SolutionConfigurationPlatforms) = preSolution
		Debug|Any CPU = Debug|Any CPU
		Release|Any CPU = Release|Any CPU
	EndGlobalSection
	GlobalSection(ProjectConfigurationPlatforms) = postSolution
		{435F6391-87AE-42EE-96B2-458A2163380B}.Debug|Any CPU.ActiveCfg = Release|Any CPU
		{435F6391-87AE-42EE-96B2-458A2163380B}.Debug|Any CPU.Build.0 = Release|Any CPU
		{435F6391-87AE-42EE-96B2-458A2163380B}.Release|Any CPU.ActiveCfg = Release|Any CPU
		{435F6391-87AE-42EE-96B2-458A2163380B}.Release|Any CPU.Build.0 = Release|Any CPU
	EndGlobalSection
	GlobalSection(SolutionProperties) = preSolution
		HideSolutionNode = FALSE
	EndGlobalSection
	GlobalSection(ExtensibilityGlobals) = postSolution
		SolutionGuid = {DEF1BBF5-575E-402B-ABB2-CC3EE5D0D56E}
	EndGlobalSection
EndGlobal
